// !$*UTF8*$!
{
	archiveVersion = 1;
	classes = {
	};
	objectVersion = 56;
	objects = {

/* Begin PBXBuildFile section */
		48758C5D2B35558C005F8002 /* MyCoinOrderBookApp.swift in Sources */ = {isa = PBXBuildFile; fileRef = 48758C5C2B35558C005F8002 /* MyCoinOrderBookApp.swift */; };
		48758C5F2B35558C005F8002 /* ContentView.swift in Sources */ = {isa = PBXBuildFile; fileRef = 48758C5E2B35558C005F8002 /* ContentView.swift */; };
		48758C612B35558E005F8002 /* Assets.xcassets in Resources */ = {isa = PBXBuildFile; fileRef = 48758C602B35558E005F8002 /* Assets.xcassets */; };
		48758C642B35558E005F8002 /* Preview Assets.xcassets in Resources */ = {isa = PBXBuildFile; fileRef = 48758C632B35558E005F8002 /* Preview Assets.xcassets */; };
		48758C6E2B35558E005F8002 /* MyCoinOrderBookTests.swift in Sources */ = {isa = PBXBuildFile; fileRef = 48758C6D2B35558E005F8002 /* MyCoinOrderBookTests.swift */; };
		48758C782B35558E005F8002 /* MyCoinOrderBookUITests.swift in Sources */ = {isa = PBXBuildFile; fileRef = 48758C772B35558E005F8002 /* MyCoinOrderBookUITests.swift */; };
		48758C7A2B35558E005F8002 /* MyCoinOrderBookUITestsLaunchTests.swift in Sources */ = {isa = PBXBuildFile; fileRef = 48758C792B35558E005F8002 /* MyCoinOrderBookUITestsLaunchTests.swift */; };
		48758C8B2B3555E5005F8002 /* MainView.swift in Sources */ = {isa = PBXBuildFile; fileRef = 48758C8A2B3555E5005F8002 /* MainView.swift */; };
		48758C8D2B3555F1005F8002 /* MainViewModel.swift in Sources */ = {isa = PBXBuildFile; fileRef = 48758C8C2B3555F1005F8002 /* MainViewModel.swift */; };
		48758C912B355609005F8002 /* CoinListView.swift in Sources */ = {isa = PBXBuildFile; fileRef = 48758C902B355609005F8002 /* CoinListView.swift */; };
		48758C932B355610005F8002 /* CoinListViewModel.swift in Sources */ = {isa = PBXBuildFile; fileRef = 48758C922B355610005F8002 /* CoinListViewModel.swift */; };
		48758C962B355700005F8002 /* Market.swift in Sources */ = {isa = PBXBuildFile; fileRef = 48758C952B355700005F8002 /* Market.swift */; };
		48758C992B3559A7005F8002 /* OrderBookModel.swift in Sources */ = {isa = PBXBuildFile; fileRef = 48758C982B3559A7005F8002 /* OrderBookModel.swift */; };
		48758C9C2B355A59005F8002 /* HorizontalData.swift in Sources */ = {isa = PBXBuildFile; fileRef = 48758C9B2B355A59005F8002 /* HorizontalData.swift */; };
		48758CA02B355A8B005F8002 /* HorizontalViewModel.swift in Sources */ = {isa = PBXBuildFile; fileRef = 48758C9F2B355A8B005F8002 /* HorizontalViewModel.swift */; };
		48758CA22B355BFF005F8002 /* HorizontalView.swift in Sources */ = {isa = PBXBuildFile; fileRef = 48758CA12B355BFF005F8002 /* HorizontalView.swift */; };
		48758CA42B356B22005F8002 /* Banner.swift in Sources */ = {isa = PBXBuildFile; fileRef = 48758CA32B356B22005F8002 /* Banner.swift */; };
		48758CA72B356F81005F8002 /* BannerView.swift in Sources */ = {isa = PBXBuildFile; fileRef = 48758CA62B356F81005F8002 /* BannerView.swift */; };
		48758CA92B356FA9005F8002 /* BannerViewModel.swift in Sources */ = {isa = PBXBuildFile; fileRef = 48758CA82B356FA9005F8002 /* BannerViewModel.swift */; };
/* End PBXBuildFile section */

/* Begin PBXContainerItemProxy section */
		48758C6A2B35558E005F8002 /* PBXContainerItemProxy */ = {
			isa = PBXContainerItemProxy;
			containerPortal = 48758C512B35558C005F8002 /* Project object */;
			proxyType = 1;
			remoteGlobalIDString = 48758C582B35558C005F8002;
			remoteInfo = MyCoinOrderBook;
		};
		48758C742B35558E005F8002 /* PBXContainerItemProxy */ = {
			isa = PBXContainerItemProxy;
			containerPortal = 48758C512B35558C005F8002 /* Project object */;
			proxyType = 1;
			remoteGlobalIDString = 48758C582B35558C005F8002;
			remoteInfo = MyCoinOrderBook;
		};
/* End PBXContainerItemProxy section */

/* Begin PBXFileReference section */
		48758C592B35558C005F8002 /* MyCoinOrderBook.app */ = {isa = PBXFileReference; explicitFileType = wrapper.application; includeInIndex = 0; path = MyCoinOrderBook.app; sourceTree = BUILT_PRODUCTS_DIR; };
		48758C5C2B35558C005F8002 /* MyCoinOrderBookApp.swift */ = {isa = PBXFileReference; lastKnownFileType = sourcecode.swift; path = MyCoinOrderBookApp.swift; sourceTree = "<group>"; };
		48758C5E2B35558C005F8002 /* ContentView.swift */ = {isa = PBXFileReference; lastKnownFileType = sourcecode.swift; path = ContentView.swift; sourceTree = "<group>"; };
		48758C602B35558E005F8002 /* Assets.xcassets */ = {isa = PBXFileReference; lastKnownFileType = folder.assetcatalog; path = Assets.xcassets; sourceTree = "<group>"; };
		48758C632B35558E005F8002 /* Preview Assets.xcassets */ = {isa = PBXFileReference; lastKnownFileType = folder.assetcatalog; path = "Preview Assets.xcassets"; sourceTree = "<group>"; };
		48758C692B35558E005F8002 /* MyCoinOrderBookTests.xctest */ = {isa = PBXFileReference; explicitFileType = wrapper.cfbundle; includeInIndex = 0; path = MyCoinOrderBookTests.xctest; sourceTree = BUILT_PRODUCTS_DIR; };
		48758C6D2B35558E005F8002 /* MyCoinOrderBookTests.swift */ = {isa = PBXFileReference; lastKnownFileType = sourcecode.swift; path = MyCoinOrderBookTests.swift; sourceTree = "<group>"; };
		48758C732B35558E005F8002 /* MyCoinOrderBookUITests.xctest */ = {isa = PBXFileReference; explicitFileType = wrapper.cfbundle; includeInIndex = 0; path = MyCoinOrderBookUITests.xctest; sourceTree = BUILT_PRODUCTS_DIR; };
		48758C772B35558E005F8002 /* MyCoinOrderBookUITests.swift */ = {isa = PBXFileReference; lastKnownFileType = sourcecode.swift; path = MyCoinOrderBookUITests.swift; sourceTree = "<group>"; };
		48758C792B35558E005F8002 /* MyCoinOrderBookUITestsLaunchTests.swift */ = {isa = PBXFileReference; lastKnownFileType = sourcecode.swift; path = MyCoinOrderBookUITestsLaunchTests.swift; sourceTree = "<group>"; };
		48758C8A2B3555E5005F8002 /* MainView.swift */ = {isa = PBXFileReference; lastKnownFileType = sourcecode.swift; path = MainView.swift; sourceTree = "<group>"; };
		48758C8C2B3555F1005F8002 /* MainViewModel.swift */ = {isa = PBXFileReference; lastKnownFileType = sourcecode.swift; path = MainViewModel.swift; sourceTree = "<group>"; };
		48758C902B355609005F8002 /* CoinListView.swift */ = {isa = PBXFileReference; lastKnownFileType = sourcecode.swift; path = CoinListView.swift; sourceTree = "<group>"; };
		48758C922B355610005F8002 /* CoinListViewModel.swift */ = {isa = PBXFileReference; lastKnownFileType = sourcecode.swift; path = CoinListViewModel.swift; sourceTree = "<group>"; };
		48758C952B355700005F8002 /* Market.swift */ = {isa = PBXFileReference; lastKnownFileType = sourcecode.swift; path = Market.swift; sourceTree = "<group>"; };
		48758C982B3559A7005F8002 /* OrderBookModel.swift */ = {isa = PBXFileReference; lastKnownFileType = sourcecode.swift; path = OrderBookModel.swift; sourceTree = "<group>"; };
		48758C9B2B355A59005F8002 /* HorizontalData.swift */ = {isa = PBXFileReference; lastKnownFileType = sourcecode.swift; path = HorizontalData.swift; sourceTree = "<group>"; };
		48758C9F2B355A8B005F8002 /* HorizontalViewModel.swift */ = {isa = PBXFileReference; lastKnownFileType = sourcecode.swift; path = HorizontalViewModel.swift; sourceTree = "<group>"; };
		48758CA12B355BFF005F8002 /* HorizontalView.swift */ = {isa = PBXFileReference; lastKnownFileType = sourcecode.swift; path = HorizontalView.swift; sourceTree = "<group>"; };
		48758CA32B356B22005F8002 /* Banner.swift */ = {isa = PBXFileReference; lastKnownFileType = sourcecode.swift; path = Banner.swift; sourceTree = "<group>"; };
		48758CA62B356F81005F8002 /* BannerView.swift */ = {isa = PBXFileReference; lastKnownFileType = sourcecode.swift; path = BannerView.swift; sourceTree = "<group>"; };
		48758CA82B356FA9005F8002 /* BannerViewModel.swift */ = {isa = PBXFileReference; lastKnownFileType = sourcecode.swift; path = BannerViewModel.swift; sourceTree = "<group>"; };
/* End PBXFileReference section */

/* Begin PBXFrameworksBuildPhase section */
		48758C562B35558C005F8002 /* Frameworks */ = {
			isa = PBXFrameworksBuildPhase;
			buildActionMask = 2147483647;
			files = (
			);
			runOnlyForDeploymentPostprocessing = 0;
		};
		48758C662B35558E005F8002 /* Frameworks */ = {
			isa = PBXFrameworksBuildPhase;
			buildActionMask = 2147483647;
			files = (
			);
			runOnlyForDeploymentPostprocessing = 0;
		};
		48758C702B35558E005F8002 /* Frameworks */ = {
			isa = PBXFrameworksBuildPhase;
			buildActionMask = 2147483647;
			files = (
			);
			runOnlyForDeploymentPostprocessing = 0;
		};
/* End PBXFrameworksBuildPhase section */

/* Begin PBXGroup section */
		48758C502B35558C005F8002 = {
			isa = PBXGroup;
			children = (
				48758C5B2B35558C005F8002 /* MyCoinOrderBook */,
				48758C6C2B35558E005F8002 /* MyCoinOrderBookTests */,
				48758C762B35558E005F8002 /* MyCoinOrderBookUITests */,
				48758C5A2B35558C005F8002 /* Products */,
			);
			sourceTree = "<group>";
		};
		48758C5A2B35558C005F8002 /* Products */ = {
			isa = PBXGroup;
			children = (
				48758C592B35558C005F8002 /* MyCoinOrderBook.app */,
				48758C692B35558E005F8002 /* MyCoinOrderBookTests.xctest */,
				48758C732B35558E005F8002 /* MyCoinOrderBookUITests.xctest */,
			);
			name = Products;
			sourceTree = "<group>";
		};
		48758C5B2B35558C005F8002 /* MyCoinOrderBook */ = {
			isa = PBXGroup;
			children = (
				48758C972B35592F005F8002 /* Scene */,
				48758C942B3556FA005F8002 /* Model */,
				48758C5C2B35558C005F8002 /* MyCoinOrderBookApp.swift */,
				48758C5E2B35558C005F8002 /* ContentView.swift */,
				48758C602B35558E005F8002 /* Assets.xcassets */,
				48758C622B35558E005F8002 /* Preview Content */,
			);
			path = MyCoinOrderBook;
			sourceTree = "<group>";
		};
		48758C622B35558E005F8002 /* Preview Content */ = {
			isa = PBXGroup;
			children = (
				48758C632B35558E005F8002 /* Preview Assets.xcassets */,
			);
			path = "Preview Content";
			sourceTree = "<group>";
		};
		48758C6C2B35558E005F8002 /* MyCoinOrderBookTests */ = {
			isa = PBXGroup;
			children = (
				48758C6D2B35558E005F8002 /* MyCoinOrderBookTests.swift */,
			);
			path = MyCoinOrderBookTests;
			sourceTree = "<group>";
		};
		48758C762B35558E005F8002 /* MyCoinOrderBookUITests */ = {
			isa = PBXGroup;
			children = (
				48758C772B35558E005F8002 /* MyCoinOrderBookUITests.swift */,
				48758C792B35558E005F8002 /* MyCoinOrderBookUITestsLaunchTests.swift */,
			);
			path = MyCoinOrderBookUITests;
			sourceTree = "<group>";
		};
		48758C862B3555AF005F8002 /* CoinList */ = {
			isa = PBXGroup;
			children = (
				48758C902B355609005F8002 /* CoinListView.swift */,
				48758C922B355610005F8002 /* CoinListViewModel.swift */,
			);
			path = CoinList;
			sourceTree = "<group>";
		};
		48758C872B3555D3005F8002 /* Main */ = {
			isa = PBXGroup;
			children = (
				48758C8A2B3555E5005F8002 /* MainView.swift */,
				48758C8C2B3555F1005F8002 /* MainViewModel.swift */,
			);
			path = Main;
			sourceTree = "<group>";
		};
		48758C942B3556FA005F8002 /* Model */ = {
			isa = PBXGroup;
			children = (
				48758C952B355700005F8002 /* Market.swift */,
				48758C982B3559A7005F8002 /* OrderBookModel.swift */,
				48758CA32B356B22005F8002 /* Banner.swift */,
			);
			path = Model;
			sourceTree = "<group>";
		};
		48758C972B35592F005F8002 /* Scene */ = {
			isa = PBXGroup;
			children = (
				48758CA52B356F77005F8002 /* Banner */,
				48758C9A2B355A2C005F8002 /* Horizontal */,
				48758C872B3555D3005F8002 /* Main */,
				48758C862B3555AF005F8002 /* CoinList */,
			);
			path = Scene;
			sourceTree = "<group>";
		};
		48758C9A2B355A2C005F8002 /* Horizontal */ = {
			isa = PBXGroup;
			children = (
				48758C9B2B355A59005F8002 /* HorizontalData.swift */,
				48758C9F2B355A8B005F8002 /* HorizontalViewModel.swift */,
				48758CA12B355BFF005F8002 /* HorizontalView.swift */,
			);
			path = Horizontal;
			sourceTree = "<group>";
		};
		48758CA52B356F77005F8002 /* Banner */ = {
			isa = PBXGroup;
			children = (
				48758CA62B356F81005F8002 /* BannerView.swift */,
				48758CA82B356FA9005F8002 /* BannerViewModel.swift */,
			);
			path = Banner;
			sourceTree = "<group>";
		};
/* End PBXGroup section */

/* Begin PBXNativeTarget section */
		48758C582B35558C005F8002 /* MyCoinOrderBook */ = {
			isa = PBXNativeTarget;
			buildConfigurationList = 48758C7D2B35558E005F8002 /* Build configuration list for PBXNativeTarget "MyCoinOrderBook" */;
			buildPhases = (
				48758C552B35558C005F8002 /* Sources */,
				48758C562B35558C005F8002 /* Frameworks */,
				48758C572B35558C005F8002 /* Resources */,
			);
			buildRules = (
			);
			dependencies = (
			);
			name = MyCoinOrderBook;
			productName = MyCoinOrderBook;
			productReference = 48758C592B35558C005F8002 /* MyCoinOrderBook.app */;
			productType = "com.apple.product-type.application";
		};
		48758C682B35558E005F8002 /* MyCoinOrderBookTests */ = {
			isa = PBXNativeTarget;
			buildConfigurationList = 48758C802B35558E005F8002 /* Build configuration list for PBXNativeTarget "MyCoinOrderBookTests" */;
			buildPhases = (
				48758C652B35558E005F8002 /* Sources */,
				48758C662B35558E005F8002 /* Frameworks */,
				48758C672B35558E005F8002 /* Resources */,
			);
			buildRules = (
			);
			dependencies = (
				48758C6B2B35558E005F8002 /* PBXTargetDependency */,
			);
			name = MyCoinOrderBookTests;
			productName = MyCoinOrderBookTests;
			productReference = 48758C692B35558E005F8002 /* MyCoinOrderBookTests.xctest */;
			productType = "com.apple.product-type.bundle.unit-test";
		};
		48758C722B35558E005F8002 /* MyCoinOrderBookUITests */ = {
			isa = PBXNativeTarget;
			buildConfigurationList = 48758C832B35558E005F8002 /* Build configuration list for PBXNativeTarget "MyCoinOrderBookUITests" */;
			buildPhases = (
				48758C6F2B35558E005F8002 /* Sources */,
				48758C702B35558E005F8002 /* Frameworks */,
				48758C712B35558E005F8002 /* Resources */,
			);
			buildRules = (
			);
			dependencies = (
				48758C752B35558E005F8002 /* PBXTargetDependency */,
			);
			name = MyCoinOrderBookUITests;
			productName = MyCoinOrderBookUITests;
			productReference = 48758C732B35558E005F8002 /* MyCoinOrderBookUITests.xctest */;
			productType = "com.apple.product-type.bundle.ui-testing";
		};
/* End PBXNativeTarget section */

/* Begin PBXProject section */
		48758C512B35558C005F8002 /* Project object */ = {
			isa = PBXProject;
			attributes = {
				BuildIndependentTargetsInParallel = 1;
				LastSwiftUpdateCheck = 1500;
				LastUpgradeCheck = 1500;
				TargetAttributes = {
					48758C582B35558C005F8002 = {
						CreatedOnToolsVersion = 15.0.1;
					};
					48758C682B35558E005F8002 = {
						CreatedOnToolsVersion = 15.0.1;
						TestTargetID = 48758C582B35558C005F8002;
					};
					48758C722B35558E005F8002 = {
						CreatedOnToolsVersion = 15.0.1;
						TestTargetID = 48758C582B35558C005F8002;
					};
				};
			};
			buildConfigurationList = 48758C542B35558C005F8002 /* Build configuration list for PBXProject "MyCoinOrderBook" */;
			compatibilityVersion = "Xcode 14.0";
			developmentRegion = en;
			hasScannedForEncodings = 0;
			knownRegions = (
				en,
				Base,
			);
			mainGroup = 48758C502B35558C005F8002;
			productRefGroup = 48758C5A2B35558C005F8002 /* Products */;
			projectDirPath = "";
			projectRoot = "";
			targets = (
				48758C582B35558C005F8002 /* MyCoinOrderBook */,
				48758C682B35558E005F8002 /* MyCoinOrderBookTests */,
				48758C722B35558E005F8002 /* MyCoinOrderBookUITests */,
			);
		};
/* End PBXProject section */

/* Begin PBXResourcesBuildPhase section */
		48758C572B35558C005F8002 /* Resources */ = {
			isa = PBXResourcesBuildPhase;
			buildActionMask = 2147483647;
			files = (
				48758C642B35558E005F8002 /* Preview Assets.xcassets in Resources */,
				48758C612B35558E005F8002 /* Assets.xcassets in Resources */,
			);
			runOnlyForDeploymentPostprocessing = 0;
		};
		48758C672B35558E005F8002 /* Resources */ = {
			isa = PBXResourcesBuildPhase;
			buildActionMask = 2147483647;
			files = (
			);
			runOnlyForDeploymentPostprocessing = 0;
		};
		48758C712B35558E005F8002 /* Resources */ = {
			isa = PBXResourcesBuildPhase;
			buildActionMask = 2147483647;
			files = (
			);
			runOnlyForDeploymentPostprocessing = 0;
		};
/* End PBXResourcesBuildPhase section */

/* Begin PBXSourcesBuildPhase section */
		48758C552B35558C005F8002 /* Sources */ = {
			isa = PBXSourcesBuildPhase;
			buildActionMask = 2147483647;
			files = (
				48758C9C2B355A59005F8002 /* HorizontalData.swift in Sources */,
				48758C912B355609005F8002 /* CoinListView.swift in Sources */,
				48758CA02B355A8B005F8002 /* HorizontalViewModel.swift in Sources */,
				48758CA22B355BFF005F8002 /* HorizontalView.swift in Sources */,
				48758C5F2B35558C005F8002 /* ContentView.swift in Sources */,
				48758CA42B356B22005F8002 /* Banner.swift in Sources */,
				48758C962B355700005F8002 /* Market.swift in Sources */,
				48758C8B2B3555E5005F8002 /* MainView.swift in Sources */,
				48758C932B355610005F8002 /* CoinListViewModel.swift in Sources */,
				48758C5D2B35558C005F8002 /* MyCoinOrderBookApp.swift in Sources */,
				48758CA92B356FA9005F8002 /* BannerViewModel.swift in Sources */,
				48758C8D2B3555F1005F8002 /* MainViewModel.swift in Sources */,
				48758CA72B356F81005F8002 /* BannerView.swift in Sources */,
				48758C992B3559A7005F8002 /* OrderBookModel.swift in Sources */,
			);
			runOnlyForDeploymentPostprocessing = 0;
		};
		48758C652B35558E005F8002 /* Sources */ = {
			isa = PBXSourcesBuildPhase;
			buildActionMask = 2147483647;
			files = (
				48758C6E2B35558E005F8002 /* MyCoinOrderBookTests.swift in Sources */,
			);
			runOnlyForDeploymentPostprocessing = 0;
		};
		48758C6F2B35558E005F8002 /* Sources */ = {
			isa = PBXSourcesBuildPhase;
			buildActionMask = 2147483647;
			files = (
				48758C782B35558E005F8002 /* MyCoinOrderBookUITests.swift in Sources */,
				48758C7A2B35558E005F8002 /* MyCoinOrderBookUITestsLaunchTests.swift in Sources */,
			);
			runOnlyForDeploymentPostprocessing = 0;
		};
/* End PBXSourcesBuildPhase section */

/* Begin PBXTargetDependency section */
		48758C6B2B35558E005F8002 /* PBXTargetDependency */ = {
			isa = PBXTargetDependency;
			target = 48758C582B35558C005F8002 /* MyCoinOrderBook */;
			targetProxy = 48758C6A2B35558E005F8002 /* PBXContainerItemProxy */;
		};
		48758C752B35558E005F8002 /* PBXTargetDependency */ = {
			isa = PBXTargetDependency;
			target = 48758C582B35558C005F8002 /* MyCoinOrderBook */;
			targetProxy = 48758C742B35558E005F8002 /* PBXContainerItemProxy */;
		};
/* End PBXTargetDependency section */

/* Begin XCBuildConfiguration section */
		48758C7B2B35558E005F8002 /* Debug */ = {
			isa = XCBuildConfiguration;
			buildSettings = {
				ALWAYS_SEARCH_USER_PATHS = NO;
				ASSETCATALOG_COMPILER_GENERATE_SWIFT_ASSET_SYMBOL_EXTENSIONS = YES;
				CLANG_ANALYZER_NONNULL = YES;
				CLANG_ANALYZER_NUMBER_OBJECT_CONVERSION = YES_AGGRESSIVE;
				CLANG_CXX_LANGUAGE_STANDARD = "gnu++20";
				CLANG_ENABLE_MODULES = YES;
				CLANG_ENABLE_OBJC_ARC = YES;
				CLANG_ENABLE_OBJC_WEAK = YES;
				CLANG_WARN_BLOCK_CAPTURE_AUTORELEASING = YES;
				CLANG_WARN_BOOL_CONVERSION = YES;
				CLANG_WARN_COMMA = YES;
				CLANG_WARN_CONSTANT_CONVERSION = YES;
				CLANG_WARN_DEPRECATED_OBJC_IMPLEMENTATIONS = YES;
				CLANG_WARN_DIRECT_OBJC_ISA_USAGE = YES_ERROR;
				CLANG_WARN_DOCUMENTATION_COMMENTS = YES;
				CLANG_WARN_EMPTY_BODY = YES;
				CLANG_WARN_ENUM_CONVERSION = YES;
				CLANG_WARN_INFINITE_RECURSION = YES;
				CLANG_WARN_INT_CONVERSION = YES;
				CLANG_WARN_NON_LITERAL_NULL_CONVERSION = YES;
				CLANG_WARN_OBJC_IMPLICIT_RETAIN_SELF = YES;
				CLANG_WARN_OBJC_LITERAL_CONVERSION = YES;
				CLANG_WARN_OBJC_ROOT_CLASS = YES_ERROR;
				CLANG_WARN_QUOTED_INCLUDE_IN_FRAMEWORK_HEADER = YES;
				CLANG_WARN_RANGE_LOOP_ANALYSIS = YES;
				CLANG_WARN_STRICT_PROTOTYPES = YES;
				CLANG_WARN_SUSPICIOUS_MOVE = YES;
				CLANG_WARN_UNGUARDED_AVAILABILITY = YES_AGGRESSIVE;
				CLANG_WARN_UNREACHABLE_CODE = YES;
				CLANG_WARN__DUPLICATE_METHOD_MATCH = YES;
				COPY_PHASE_STRIP = NO;
				DEBUG_INFORMATION_FORMAT = dwarf;
				ENABLE_STRICT_OBJC_MSGSEND = YES;
				ENABLE_TESTABILITY = YES;
				ENABLE_USER_SCRIPT_SANDBOXING = YES;
				GCC_C_LANGUAGE_STANDARD = gnu17;
				GCC_DYNAMIC_NO_PIC = NO;
				GCC_NO_COMMON_BLOCKS = YES;
				GCC_OPTIMIZATION_LEVEL = 0;
				GCC_PREPROCESSOR_DEFINITIONS = (
					"DEBUG=1",
					"$(inherited)",
				);
				GCC_WARN_64_TO_32_BIT_CONVERSION = YES;
				GCC_WARN_ABOUT_RETURN_TYPE = YES_ERROR;
				GCC_WARN_UNDECLARED_SELECTOR = YES;
				GCC_WARN_UNINITIALIZED_AUTOS = YES_AGGRESSIVE;
				GCC_WARN_UNUSED_FUNCTION = YES;
				GCC_WARN_UNUSED_VARIABLE = YES;
				IPHONEOS_DEPLOYMENT_TARGET = 17.0;
				LOCALIZATION_PREFERS_STRING_CATALOGS = YES;
				MTL_ENABLE_DEBUG_INFO = INCLUDE_SOURCE;
				MTL_FAST_MATH = YES;
				ONLY_ACTIVE_ARCH = YES;
				SDKROOT = iphoneos;
				SWIFT_ACTIVE_COMPILATION_CONDITIONS = "DEBUG $(inherited)";
				SWIFT_OPTIMIZATION_LEVEL = "-Onone";
			};
			name = Debug;
		};
		48758C7C2B35558E005F8002 /* Release */ = {
			isa = XCBuildConfiguration;
			buildSettings = {
				ALWAYS_SEARCH_USER_PATHS = NO;
				ASSETCATALOG_COMPILER_GENERATE_SWIFT_ASSET_SYMBOL_EXTENSIONS = YES;
				CLANG_ANALYZER_NONNULL = YES;
				CLANG_ANALYZER_NUMBER_OBJECT_CONVERSION = YES_AGGRESSIVE;
				CLANG_CXX_LANGUAGE_STANDARD = "gnu++20";
				CLANG_ENABLE_MODULES = YES;
				CLANG_ENABLE_OBJC_ARC = YES;
				CLANG_ENABLE_OBJC_WEAK = YES;
				CLANG_WARN_BLOCK_CAPTURE_AUTORELEASING = YES;
				CLANG_WARN_BOOL_CONVERSION = YES;
				CLANG_WARN_COMMA = YES;
				CLANG_WARN_CONSTANT_CONVERSION = YES;
				CLANG_WARN_DEPRECATED_OBJC_IMPLEMENTATIONS = YES;
				CLANG_WARN_DIRECT_OBJC_ISA_USAGE = YES_ERROR;
				CLANG_WARN_DOCUMENTATION_COMMENTS = YES;
				CLANG_WARN_EMPTY_BODY = YES;
				CLANG_WARN_ENUM_CONVERSION = YES;
				CLANG_WARN_INFINITE_RECURSION = YES;
				CLANG_WARN_INT_CONVERSION = YES;
				CLANG_WARN_NON_LITERAL_NULL_CONVERSION = YES;
				CLANG_WARN_OBJC_IMPLICIT_RETAIN_SELF = YES;
				CLANG_WARN_OBJC_LITERAL_CONVERSION = YES;
				CLANG_WARN_OBJC_ROOT_CLASS = YES_ERROR;
				CLANG_WARN_QUOTED_INCLUDE_IN_FRAMEWORK_HEADER = YES;
				CLANG_WARN_RANGE_LOOP_ANALYSIS = YES;
				CLANG_WARN_STRICT_PROTOTYPES = YES;
				CLANG_WARN_SUSPICIOUS_MOVE = YES;
				CLANG_WARN_UNGUARDED_AVAILABILITY = YES_AGGRESSIVE;
				CLANG_WARN_UNREACHABLE_CODE = YES;
				CLANG_WARN__DUPLICATE_METHOD_MATCH = YES;
				COPY_PHASE_STRIP = NO;
				DEBUG_INFORMATION_FORMAT = "dwarf-with-dsym";
				ENABLE_NS_ASSERTIONS = NO;
				ENABLE_STRICT_OBJC_MSGSEND = YES;
				ENABLE_USER_SCRIPT_SANDBOXING = YES;
				GCC_C_LANGUAGE_STANDARD = gnu17;
				GCC_NO_COMMON_BLOCKS = YES;
				GCC_WARN_64_TO_32_BIT_CONVERSION = YES;
				GCC_WARN_ABOUT_RETURN_TYPE = YES_ERROR;
				GCC_WARN_UNDECLARED_SELECTOR = YES;
				GCC_WARN_UNINITIALIZED_AUTOS = YES_AGGRESSIVE;
				GCC_WARN_UNUSED_FUNCTION = YES;
				GCC_WARN_UNUSED_VARIABLE = YES;
				IPHONEOS_DEPLOYMENT_TARGET = 17.0;
				LOCALIZATION_PREFERS_STRING_CATALOGS = YES;
				MTL_ENABLE_DEBUG_INFO = NO;
				MTL_FAST_MATH = YES;
				SDKROOT = iphoneos;
				SWIFT_COMPILATION_MODE = wholemodule;
				VALIDATE_PRODUCT = YES;
			};
			name = Release;
		};
		48758C7E2B35558E005F8002 /* Debug */ = {
			isa = XCBuildConfiguration;
			buildSettings = {
				ASSETCATALOG_COMPILER_APPICON_NAME = AppIcon;
				ASSETCATALOG_COMPILER_GLOBAL_ACCENT_COLOR_NAME = AccentColor;
				CODE_SIGN_STYLE = Automatic;
				CURRENT_PROJECT_VERSION = 1;
				DEVELOPMENT_ASSET_PATHS = "\"MyCoinOrderBook/Preview Content\"";
				DEVELOPMENT_TEAM = 2S9WHYP486;
				ENABLE_PREVIEWS = YES;
				GENERATE_INFOPLIST_FILE = YES;
				INFOPLIST_KEY_UIApplicationSceneManifest_Generation = YES;
				INFOPLIST_KEY_UIApplicationSupportsIndirectInputEvents = YES;
				INFOPLIST_KEY_UILaunchScreen_Generation = YES;
				INFOPLIST_KEY_UISupportedInterfaceOrientations_iPad = "UIInterfaceOrientationPortrait UIInterfaceOrientationPortraitUpsideDown UIInterfaceOrientationLandscapeLeft UIInterfaceOrientationLandscapeRight";
				INFOPLIST_KEY_UISupportedInterfaceOrientations_iPhone = "UIInterfaceOrientationPortrait UIInterfaceOrientationLandscapeLeft UIInterfaceOrientationLandscapeRight";
				LD_RUNPATH_SEARCH_PATHS = (
					"$(inherited)",
					"@executable_path/Frameworks",
				);
				MARKETING_VERSION = 1.0;
				PRODUCT_BUNDLE_IDENTIFIER = com.sub.MyCoinOrderBook;
				PRODUCT_NAME = "$(TARGET_NAME)";
				SWIFT_EMIT_LOC_STRINGS = YES;
				SWIFT_VERSION = 5.0;
				TARGETED_DEVICE_FAMILY = "1,2";
			};
			name = Debug;
		};
		48758C7F2B35558E005F8002 /* Release */ = {
			isa = XCBuildConfiguration;
			buildSettings = {
				ASSETCATALOG_COMPILER_APPICON_NAME = AppIcon;
				ASSETCATALOG_COMPILER_GLOBAL_ACCENT_COLOR_NAME = AccentColor;
				CODE_SIGN_STYLE = Automatic;
				CURRENT_PROJECT_VERSION = 1;
				DEVELOPMENT_ASSET_PATHS = "\"MyCoinOrderBook/Preview Content\"";
				DEVELOPMENT_TEAM = 2S9WHYP486;
				ENABLE_PREVIEWS = YES;
				GENERATE_INFOPLIST_FILE = YES;
				INFOPLIST_KEY_UIApplicationSceneManifest_Generation = YES;
				INFOPLIST_KEY_UIApplicationSupportsIndirectInputEvents = YES;
				INFOPLIST_KEY_UILaunchScreen_Generation = YES;
				INFOPLIST_KEY_UISupportedInterfaceOrientations_iPad = "UIInterfaceOrientationPortrait UIInterfaceOrientationPortraitUpsideDown UIInterfaceOrientationLandscapeLeft UIInterfaceOrientationLandscapeRight";
				INFOPLIST_KEY_UISupportedInterfaceOrientations_iPhone = "UIInterfaceOrientationPortrait UIInterfaceOrientationLandscapeLeft UIInterfaceOrientationLandscapeRight";
				LD_RUNPATH_SEARCH_PATHS = (
					"$(inherited)",
					"@executable_path/Frameworks",
				);
				MARKETING_VERSION = 1.0;
				PRODUCT_BUNDLE_IDENTIFIER = com.sub.MyCoinOrderBook;
				PRODUCT_NAME = "$(TARGET_NAME)";
				SWIFT_EMIT_LOC_STRINGS = YES;
				SWIFT_VERSION = 5.0;
				TARGETED_DEVICE_FAMILY = "1,2";
			};
			name = Release;
		};
		48758C812B35558E005F8002 /* Debug */ = {
			isa = XCBuildConfiguration;
			buildSettings = {
				ALWAYS_EMBED_SWIFT_STANDARD_LIBRARIES = YES;
				BUNDLE_LOADER = "$(TEST_HOST)";
				CODE_SIGN_STYLE = Automatic;
				CURRENT_PROJECT_VERSION = 1;
				DEVELOPMENT_TEAM = 2S9WHYP486;
				GENERATE_INFOPLIST_FILE = YES;
				IPHONEOS_DEPLOYMENT_TARGET = 17.0;
				MARKETING_VERSION = 1.0;
				PRODUCT_BUNDLE_IDENTIFIER = com.sub.MyCoinOrderBookTests;
				PRODUCT_NAME = "$(TARGET_NAME)";
				SWIFT_EMIT_LOC_STRINGS = NO;
				SWIFT_VERSION = 5.0;
				TARGETED_DEVICE_FAMILY = "1,2";
				TEST_HOST = "$(BUILT_PRODUCTS_DIR)/MyCoinOrderBook.app/$(BUNDLE_EXECUTABLE_FOLDER_PATH)/MyCoinOrderBook";
			};
			name = Debug;
		};
		48758C822B35558E005F8002 /* Release */ = {
			isa = XCBuildConfiguration;
			buildSettings = {
				ALWAYS_EMBED_SWIFT_STANDARD_LIBRARIES = YES;
				BUNDLE_LOADER = "$(TEST_HOST)";
				CODE_SIGN_STYLE = Automatic;
				CURRENT_PROJECT_VERSION = 1;
				DEVELOPMENT_TEAM = 2S9WHYP486;
				GENERATE_INFOPLIST_FILE = YES;
				IPHONEOS_DEPLOYMENT_TARGET = 17.0;
				MARKETING_VERSION = 1.0;
				PRODUCT_BUNDLE_IDENTIFIER = com.sub.MyCoinOrderBookTests;
				PRODUCT_NAME = "$(TARGET_NAME)";
				SWIFT_EMIT_LOC_STRINGS = NO;
				SWIFT_VERSION = 5.0;
				TARGETED_DEVICE_FAMILY = "1,2";
				TEST_HOST = "$(BUILT_PRODUCTS_DIR)/MyCoinOrderBook.app/$(BUNDLE_EXECUTABLE_FOLDER_PATH)/MyCoinOrderBook";
			};
			name = Release;
		};
		48758C842B35558E005F8002 /* Debug */ = {
			isa = XCBuildConfiguration;
			buildSettings = {
				ALWAYS_EMBED_SWIFT_STANDARD_LIBRARIES = YES;
				CODE_SIGN_STYLE = Automatic;
				CURRENT_PROJECT_VERSION = 1;
				DEVELOPMENT_TEAM = 2S9WHYP486;
				GENERATE_INFOPLIST_FILE = YES;
				MARKETING_VERSION = 1.0;
				PRODUCT_BUNDLE_IDENTIFIER = com.sub.MyCoinOrderBookUITests;
				PRODUCT_NAME = "$(TARGET_NAME)";
				SWIFT_EMIT_LOC_STRINGS = NO;
				SWIFT_VERSION = 5.0;
				TARGETED_DEVICE_FAMILY = "1,2";
				TEST_TARGET_NAME = MyCoinOrderBook;
			};
			name = Debug;
		};
		48758C852B35558E005F8002 /* Release */ = {
			isa = XCBuildConfiguration;
			buildSettings = {
				ALWAYS_EMBED_SWIFT_STANDARD_LIBRARIES = YES;
				CODE_SIGN_STYLE = Automatic;
				CURRENT_PROJECT_VERSION = 1;
				DEVELOPMENT_TEAM = 2S9WHYP486;
				GENERATE_INFOPLIST_FILE = YES;
				MARKETING_VERSION = 1.0;
				PRODUCT_BUNDLE_IDENTIFIER = com.sub.MyCoinOrderBookUITests;
				PRODUCT_NAME = "$(TARGET_NAME)";
				SWIFT_EMIT_LOC_STRINGS = NO;
				SWIFT_VERSION = 5.0;
				TARGETED_DEVICE_FAMILY = "1,2";
				TEST_TARGET_NAME = MyCoinOrderBook;
			};
			name = Release;
		};
/* End XCBuildConfiguration section */

/* Begin XCConfigurationList section */
		48758C542B35558C005F8002 /* Build configuration list for PBXProject "MyCoinOrderBook" */ = {
			isa = XCConfigurationList;
			buildConfigurations = (
				48758C7B2B35558E005F8002 /* Debug */,
				48758C7C2B35558E005F8002 /* Release */,
			);
			defaultConfigurationIsVisible = 0;
			defaultConfigurationName = Release;
		};
		48758C7D2B35558E005F8002 /* Build configuration list for PBXNativeTarget "MyCoinOrderBook" */ = {
			isa = XCConfigurationList;
			buildConfigurations = (
				48758C7E2B35558E005F8002 /* Debug */,
				48758C7F2B35558E005F8002 /* Release */,
			);
			defaultConfigurationIsVisible = 0;
			defaultConfigurationName = Release;
		};
		48758C802B35558E005F8002 /* Build configuration list for PBXNativeTarget "MyCoinOrderBookTests" */ = {
			isa = XCConfigurationList;
			buildConfigurations = (
				48758C812B35558E005F8002 /* Debug */,
				48758C822B35558E005F8002 /* Release */,
			);
			defaultConfigurationIsVisible = 0;
			defaultConfigurationName = Release;
		};
		48758C832B35558E005F8002 /* Build configuration list for PBXNativeTarget "MyCoinOrderBookUITests" */ = {
			isa = XCConfigurationList;
			buildConfigurations = (
				48758C842B35558E005F8002 /* Debug */,
				48758C852B35558E005F8002 /* Release */,
			);
			defaultConfigurationIsVisible = 0;
			defaultConfigurationName = Release;
		};
/* End XCConfigurationList section */
	};
	rootObject = 48758C512B35558C005F8002 /* Project object */;
}
